{
    "name": "application-name",
    "version": "0.0.1",
    "lockfileVersion": 1,
    "requires": true,
    "dependencies": {
        "acorn": {
            "version": "3.3.0",
            "resolved": "https://registry.npmjs.org/acorn/-/acorn-3.3.0.tgz",
            "integrity": "sha1-ReN/s56No/JbruP/U2niu18iAXo="
        },
        "acorn-globals": {
            "version": "3.1.0",
            "resolved": "https://registry.npmjs.org/acorn-globals/-/acorn-globals-3.1.0.tgz",
            "integrity": "sha1-/YJw9x+7SZawBPqIDuXUZXOnMb8=",
            "requires": {
                "acorn": "4.0.13"
            },
            "dependencies": {
                "acorn": {
                    "version": "4.0.13",
                    "resolved": "https://registry.npmjs.org/acorn/-/acorn-4.0.13.tgz",
                    "integrity": "sha1-EFSVrlNh1pe9GVyCUZLhrX8lN4c="
                }
            }
        },
        "active-x-obfuscator": {
            "version": "0.0.1",
            "resolved": "https://registry.npmjs.org/active-x-obfuscator/-/active-x-obfuscator-0.0.1.tgz",
            "integrity": "sha1-CJuJs3FF/x2ex0r2UwvlUmyuHxo=",
            "requires": {
                "zeparser": "0.0.5"
            }
        },
        "align-text": {
            "version": "0.1.4",
            "resolved": "https://registry.npmjs.org/align-text/-/align-text-0.1.4.tgz",
            "integrity": "sha1-DNkKVhCT810KmSVsIrcGlDP60Rc=",
            "requires": {
                "kind-of": "3.2.2",
                "longest": "1.0.1",
                "repeat-string": "1.6.1"
            }
        },
        "amdefine": {
            "version": "1.0.1",
            "resolved": "https://registry.npmjs.org/amdefine/-/amdefine-1.0.1.tgz",
            "integrity": "sha1-SlKCrBZHKek2Gbz9OtFR+BfOkfU="
        },
        "asap": {
            "version": "2.0.6",
            "resolved": "https://registry.npmjs.org/asap/-/asap-2.0.6.tgz",
            "integrity": "sha1-5QNHYR1+aQlDIIu9r+vLwvuGbUY="
        },
        "base64id": {
            "version": "0.1.0",
            "resolved": "https://registry.npmjs.org/base64id/-/base64id-0.1.0.tgz",
            "integrity": "sha1-As4P3u4M709ACA4ec+g08LG/zj8="
        },
        "camelcase": {
            "version": "1.2.1",
            "resolved": "https://registry.npmjs.org/camelcase/-/camelcase-1.2.1.tgz",
            "integrity": "sha1-m7UwTS4LVmmLLHWLCKPqqdqlijk="
        },
        "center-align": {
            "version": "0.1.3",
            "resolved": "https://registry.npmjs.org/center-align/-/center-align-0.1.3.tgz",
            "integrity": "sha1-qg0yYptu6XIgBBHL1EYckHvCt60=",
            "requires": {
                "align-text": "0.1.4",
                "lazy-cache": "1.0.4"
            }
        },
        "character-parser": {
            "version": "2.2.0",
            "resolved": "https://registry.npmjs.org/character-parser/-/character-parser-2.2.0.tgz",
            "integrity": "sha1-x84o821LzZdE5f/CxfzeHHMmH8A=",
            "requires": {
                "is-regex": "1.0.4"
            }
        },
        "clean-css": {
            "version": "3.4.28",
            "resolved": "https://registry.npmjs.org/clean-css/-/clean-css-3.4.28.tgz",
            "integrity": "sha1-vxlF6C/ICPVWlebd6uwBQA79A/8=",
            "requires": {
                "commander": "2.8.1",
                "source-map": "0.4.4"
            }
        },
        "cliui": {
            "version": "2.1.0",
            "resolved": "https://registry.npmjs.org/cliui/-/cliui-2.1.0.tgz",
            "integrity": "sha1-S0dXYP+AJkx2LDoXGQMukcf+oNE=",
            "requires": {
                "center-align": "0.1.3",
                "right-align": "0.1.3",
                "wordwrap": "0.0.2"
            }
        },
        "commander": {
            "version": "2.8.1",
            "resolved": "https://registry.npmjs.org/commander/-/commander-2.8.1.tgz",
            "integrity": "sha1-Br42f+v9oMMwqh4qBy09yXYkJdQ=",
            "requires": {
                "graceful-readlink": "1.0.1"
            }
        },
        "connect": {
            "version": "1.9.2",
            "resolved": "https://registry.npmjs.org/connect/-/connect-1.9.2.tgz",
            "integrity": "sha1-QogKIulDiuWait105Df1iujlKAc=",
            "requires": {
                "formidable": "1.0.17",
                "mime": "1.2.4",
                "qs": "0.4.2"
            }
        },
        "constantinople": {
            "version": "3.1.0",
            "resolved": "https://registry.npmjs.org/constantinople/-/constantinople-3.1.0.tgz",
            "integrity": "sha1-dWnKqKo/jVk11i4fqW+fcCzYHHk=",
            "requires": {
                "acorn": "3.3.0",
                "is-expression": "2.1.0"
            }
        },
        "decamelize": {
            "version": "1.2.0",
            "resolved": "https://registry.npmjs.org/decamelize/-/decamelize-1.2.0.tgz",
            "integrity": "sha1-9lNNFRSCabIDUue+4m9QH5oZEpA="
        },
        "doctypes": {
            "version": "1.1.0",
            "resolved": "https://registry.npmjs.org/doctypes/-/doctypes-1.1.0.tgz",
            "integrity": "sha1-6oCxBqh1OHdOijpKWv4pPeSJ4Kk="
        },
        "express": {
            "version": "2.5.11",
            "resolved": "https://registry.npmjs.org/express/-/express-2.5.11.tgz",
            "integrity": "sha1-TOjqHzY15p5J8Ou0l7aksKUc5vA=",
            "requires": {
                "connect": "1.9.2",
                "mime": "1.2.4",
                "mkdirp": "0.3.0",
                "qs": "0.4.2"
            }
        },
        "formidable": {
            "version": "1.0.17",
            "resolved": "https://registry.npmjs.org/formidable/-/formidable-1.0.17.tgz",
            "integrity": "sha1-71SRSQ+UM7cF+qdyScmQKa40hVk="
        },
        "function-bind": {
            "version": "1.1.1",
            "resolved": "https://registry.npmjs.org/function-bind/-/function-bind-1.1.1.tgz",
            "integrity": "sha512-yIovAzMX49sF8Yl58fSCWJ5svSLuaibPxXQJFLmBObTuCr0Mf1KiPopGM9NiFjiYBCbfaa2Fh6breQ6ANVTI0A=="
        },
        "graceful-readlink": {
            "version": "1.0.1",
            "resolved": "https://registry.npmjs.org/graceful-readlink/-/graceful-readlink-1.0.1.tgz",
            "integrity": "sha1-TK+tdrxi8C+gObL5Tpo906ORpyU="
        },
        "has": {
            "version": "1.0.1",
            "resolved": "https://registry.npmjs.org/has/-/has-1.0.1.tgz",
            "integrity": "sha1-hGFzP1OLCDfJNh45qauelwTcLyg=",
            "requires": {
                "function-bind": "1.1.1"
            }
        },
        "is-buffer": {
            "version": "1.1.6",
            "resolved": "https://registry.npmjs.org/is-buffer/-/is-buffer-1.1.6.tgz",
            "integrity": "sha512-NcdALwpXkTm5Zvvbk7owOUSvVvBKDgKP5/ewfXEznmQFfs4ZRmanOeKBTjRVjka3QFoN6XJ+9F3USqfHqTaU5w=="
        },
        "is-expression": {
            "version": "2.1.0",
            "resolved": "https://registry.npmjs.org/is-expression/-/is-expression-2.1.0.tgz",
            "integrity": "sha1-kb6dR968/vB3l36XIr5tz7RGXvA=",
            "requires": {
                "acorn": "3.3.0",
                "object-assign": "4.1.1"
            }
        },
        "is-promise": {
            "version": "2.1.0",
            "resolved": "https://registry.npmjs.org/is-promise/-/is-promise-2.1.0.tgz",
            "integrity": "sha1-eaKp7OfwlugPNtKy87wWwf9L8/o="
        },
        "is-regex": {
            "version": "1.0.4",
            "resolved": "https://registry.npmjs.org/is-regex/-/is-regex-1.0.4.tgz",
            "integrity": "sha1-VRdIm1RwkbCTDglWVM7SXul+lJE=",
            "requires": {
                "has": "1.0.1"
            }
        },
        "js-stringify": {
            "version": "1.0.2",
            "resolved": "https://registry.npmjs.org/js-stringify/-/js-stringify-1.0.2.tgz",
            "integrity": "sha1-Fzb939lyTyijaCrcYjCufk6Weds="
        },
        "jstransformer": {
            "version": "0.0.3",
            "resolved": "https://registry.npmjs.org/jstransformer/-/jstransformer-0.0.3.tgz",
            "integrity": "sha1-NHSVvT/hz+jwPi1xV4rLkCSCbPU=",
            "requires": {
                "is-promise": "2.1.0",
                "promise": "7.3.1"
            }
        },
        "kind-of": {
            "version": "3.2.2",
            "resolved": "https://registry.npmjs.org/kind-of/-/kind-of-3.2.2.tgz",
            "integrity": "sha1-MeohpzS6ubuw8yRm2JOupR5KPGQ=",
            "requires": {
                "is-buffer": "1.1.6"
            }
        },
        "lazy-cache": {
            "version": "1.0.4",
            "resolved": "https://registry.npmjs.org/lazy-cache/-/lazy-cache-1.0.4.tgz",
            "integrity": "sha1-odePw6UEdMuAhF07O24dpJpEbo4="
        },
        "longest": {
            "version": "1.0.1",
            "resolved": "https://registry.npmjs.org/longest/-/longest-1.0.1.tgz",
            "integrity": "sha1-MKCy2jj3N3DoKUoNIuZiXtd9AJc="
        },
        "mime": {
            "version": "1.2.4",
            "resolved": "https://registry.npmjs.org/mime/-/mime-1.2.4.tgz",
            "integrity": "sha1-EbX9rynCUJJVF2uArVIClPXekrc="
        },
        "mkdirp": {
            "version": "0.3.0",
            "resolved": "https://registry.npmjs.org/mkdirp/-/mkdirp-0.3.0.tgz",
            "integrity": "sha1-G79asbqCevI1dRQ0kEJkVfSB/h4="
        },
        "nan": {
            "version": "1.0.0",
            "resolved": "https://registry.npmjs.org/nan/-/nan-1.0.0.tgz",
            "integrity": "sha1-riT4hQgY1mL8q1rPfzuVv6oszzg="
        },
        "object-assign": {
            "version": "4.1.1",
            "resolved": "https://registry.npmjs.org/object-assign/-/object-assign-4.1.1.tgz",
            "integrity": "sha1-IQmtx5ZYh8/AXLvUQsrIv7s2CGM="
        },
        "options": {
            "version": "0.0.6",
            "resolved": "https://registry.npmjs.org/options/-/options-0.0.6.tgz",
            "integrity": "sha1-7CLTEoBrtT5zF3Pnza788cZDEo8="
        },
        "path-parse": {
            "version": "1.0.5",
            "resolved": "https://registry.npmjs.org/path-parse/-/path-parse-1.0.5.tgz",
            "integrity": "sha1-PBrfhx6pzWyUMbbqK9dKD/BVxME="
        },
        "policyfile": {
            "version": "0.0.4",
            "resolved": "https://registry.npmjs.org/policyfile/-/policyfile-0.0.4.tgz",
            "integrity": "sha1-1rgurZiueeviKOLa9ZAzEeyYLk0="
        },
        "promise": {
            "version": "7.3.1",
            "resolved": "https://registry.npmjs.org/promise/-/promise-7.3.1.tgz",
            "integrity": "sha512-nolQXZ/4L+bP/UGlkfaIujX9BKxGwmQ9OT4mOt5yvy8iK1h3wqTEJCijzGANTCCl9nWjY41juyAn2K3Q1hLLTg==",
            "requires": {
                "asap": "2.0.6"
            }
        },
        "pug": {
            "version": "0.1.0",
            "resolved": "https://registry.npmjs.org/pug/-/pug-0.1.0.tgz",
            "integrity": "sha1-aVi/Mq1WN4sEjwGUmzgNRw2LXMk=",
            "requires": {
                "pug-code-gen": "0.0.0",
                "pug-filters": "1.1.0",
                "pug-lexer": "0.0.0",
                "pug-linker": "0.0.0",
                "pug-loader": "0.0.0",
                "pug-parser": "0.0.0",
                "pug-runtime": "0.0.0",
                "pug-strip-comments": "0.0.1"
            }
        },
        "pug-attrs": {
            "version": "0.0.0",
            "resolved": "https://registry.npmjs.org/pug-attrs/-/pug-attrs-0.0.0.tgz",
            "integrity": "sha1-n/6rML4XI9EUPxsJMUDIw0OcoMs=",
            "requires": {
                "constantinople": "3.1.0",
                "js-stringify": "1.0.2",
                "pug-runtime": "0.0.0"
            }
        },
        "pug-code-gen": {
            "version": "0.0.0",
            "resolved": "https://registry.npmjs.org/pug-code-gen/-/pug-code-gen-0.0.0.tgz",
            "integrity": "sha1-pP/A9mI1u42MqW2rUDIF/rXTxYQ=",
            "requires": {
                "constantinople": "3.1.0",
                "doctypes": "1.1.0",
                "js-stringify": "1.0.2",
                "pug-attrs": "0.0.0",
                "pug-runtime": "0.0.0",
                "void-elements": "2.0.1",
                "with": "5.1.1"
            }
        },
        "pug-error": {
            "version": "0.0.0",
            "resolved": "https://registry.npmjs.org/pug-error/-/pug-error-0.0.0.tgz",
            "integrity": "sha1-3SZKOcINZUh9+F/1ZjCXhioW23g="
        },
        "pug-filters": {
            "version": "1.1.0",
            "resolved": "https://registry.npmjs.org/pug-filters/-/pug-filters-1.1.0.tgz",
            "integrity": "sha1-wXtQoO1fxygjFMxBGwS/ZNLcnhM=",
            "requires": {
                "clean-css": "3.4.28",
                "constantinople": "3.1.0",
                "jstransformer": "0.0.3",
                "pug-error": "0.0.0",
                "pug-walk": "0.0.0",
                "resolve": "1.5.0",
                "uglify-js": "2.8.29"
            }
        },
        "pug-lexer": {
            "version": "0.0.0",
            "resolved": "https://registry.npmjs.org/pug-lexer/-/pug-lexer-0.0.0.tgz",
            "integrity": "sha1-ICJG6WZmlzCZIZthkEfwx19S+wY=",
            "requires": {
                "character-parser": "2.2.0",
                "is-expression": "1.0.2",
                "pug-error": "0.0.0"
            },
            "dependencies": {
                "acorn": {
                    "version": "2.7.0",
                    "resolved": "https://registry.npmjs.org/acorn/-/acorn-2.7.0.tgz",
                    "integrity": "sha1-q259nYhqrKiwhbwzEreaGYQz8Oc="
                },
                "is-expression": {
                    "version": "1.0.2",
                    "resolved": "https://registry.npmjs.org/is-expression/-/is-expression-1.0.2.tgz",
                    "integrity": "sha1-o0W5Yhjp3yHmVRDDm03DYC/dP5Y=",
                    "requires": {
                        "acorn": "2.7.0",
                        "object-assign": "4.1.1"
                    }
                }
            }
        },
        "pug-linker": {
            "version": "0.0.0",
            "resolved": "https://registry.npmjs.org/pug-linker/-/pug-linker-0.0.0.tgz",
            "integrity": "sha1-jK42jokRaRpT5dAP7/OKnxdS534=",
            "requires": {
                "pug-error": "0.0.0",
                "pug-walk": "0.0.0"
            }
        },
        "pug-loader": {
            "version": "0.0.0",
            "resolved": "https://registry.npmjs.org/pug-loader/-/pug-loader-0.0.0.tgz",
            "integrity": "sha1-KZTMhV2wmKYqtRuX/BULwGq5Gb8=",
            "requires": {
                "pug-walk": "0.0.0"
            }
        },
        "pug-parser": {
            "version": "0.0.0",
            "resolved": "https://registry.npmjs.org/pug-parser/-/pug-parser-0.0.0.tgz",
            "integrity": "sha1-CIMeq9dTWQ1FVzJH5UasB8Tm5SM=",
            "requires": {
                "pug-error": "0.0.0",
                "token-stream": "0.0.1"
            }
        },
        "pug-runtime": {
            "version": "0.0.0",
            "resolved": "https://registry.npmjs.org/pug-runtime/-/pug-runtime-0.0.0.tgz",
            "integrity": "sha1-+BBQlPeKyJPNsZdGp8sJFv1Bhpc="
        },
        "pug-strip-comments": {
            "version": "0.0.1",
            "resolved": "https://registry.npmjs.org/pug-strip-comments/-/pug-strip-comments-0.0.1.tgz",
            "integrity": "sha1-rDRrt3PYJJK/ki2uLUaBogzwY48=",
            "requires": {
                "pug-error": "0.0.0"
            }
        },
        "pug-walk": {
            "version": "0.0.0",
            "resolved": "https://registry.npmjs.org/pug-walk/-/pug-walk-0.0.0.tgz",
            "integrity": "sha1-0W7ZQp5q5xaY/t7q7kc06oHs1So="
        },
        "qs": {
            "version": "0.4.2",
            "resolved": "https://registry.npmjs.org/qs/-/qs-0.4.2.tgz",
            "integrity": "sha1-PKxMhh43GoycR3CsI82o3mObjl8="
        },
        "redis": {
            "version": "0.7.3",
            "resolved": "https://registry.npmjs.org/redis/-/redis-0.7.3.tgz",
            "integrity": "sha1-7le3pE0l7BWU5ENl2BZfp9HUgRo=",
            "optional": true
        },
        "repeat-string": {
            "version": "1.6.1",
            "resolved": "https://registry.npmjs.org/repeat-string/-/repeat-string-1.6.1.tgz",
            "integrity": "sha1-jcrkcOHIirwtYA//Sndihtp15jc="
        },
        "resolve": {
            "version": "1.5.0",
            "resolved": "https://registry.npmjs.org/resolve/-/resolve-1.5.0.tgz",
            "integrity": "sha512-hgoSGrc3pjzAPHNBg+KnFcK2HwlHTs/YrAGUr6qgTVUZmXv1UEXXl0bZNBKMA9fud6lRYFdPGz0xXxycPzmmiw==",
            "requires": {
                "path-parse": "1.0.5"
            }
        },
        "right-align": {
            "version": "0.1.3",
            "resolved": "https://registry.npmjs.org/right-align/-/right-align-0.1.3.tgz",
            "integrity": "sha1-YTObci/mo1FWiSENJOFMlhSGE+8=",
            "requires": {
                "align-text": "0.1.4"
            }
        },
        "socket.io": {
            "version": "0.9.19",
            "resolved": "https://registry.npmjs.org/socket.io/-/socket.io-0.9.19.tgz",
            "integrity": "sha1-SQu1/Q3FTPAC7gTmf638Q7hIo48=",
            "requires": {
                "base64id": "0.1.0",
                "policyfile": "0.0.4",
                "redis": "0.7.3",
                "socket.io-client": "0.9.16"
            }
        },
        "socket.io-client": {
            "version": "0.9.16",
            "resolved": "https://registry.npmjs.org/socket.io-client/-/socket.io-client-0.9.16.tgz",
            "integrity": "sha1-TadRXF53MEHRtCOXBBW8xDDzX8Y=",
            "requires": {
                "active-x-obfuscator": "0.0.1",
                "uglify-js": "1.2.5",
                "ws": "0.4.32",
                "xmlhttprequest": "1.4.2"
            },
            "dependencies": {
                "uglify-js": {
                    "version": "1.2.5",
                    "resolved": "https://registry.npmjs.org/uglify-js/-/uglify-js-1.2.5.tgz",
                    "integrity": "sha1-tULCx29477NLIAsgF3Y0Mw/3ArY="
                }
            }
        },
        "source-map": {
            "version": "0.4.4",
            "resolved": "https://registry.npmjs.org/source-map/-/source-map-0.4.4.tgz",
            "integrity": "sha1-66T12pwNyZneaAMti092FzZSA2s=",
            "requires": {
                "amdefine": "1.0.1"
            }
        },
        "tinycolor": {
            "version": "0.0.1",
            "resolved": "https://registry.npmjs.org/tinycolor/-/tinycolor-0.0.1.tgz",
            "integrity": "sha1-MgtaUtg6u1l42Bo+iH1K77FaYWQ="
        },
        "token-stream": {
            "version": "0.0.1",
            "resolved": "https://registry.npmjs.org/token-stream/-/token-stream-0.0.1.tgz",
            "integrity": "sha1-zu78cXp2xDFvEm0LnbqlXX598Bo="
        },
        "uglify-js": {
            "version": "2.8.29",
            "resolved": "https://registry.npmjs.org/uglify-js/-/uglify-js-2.8.29.tgz",
            "integrity": "sha1-KcVzMUgFe7Th913zW3qcty5qWd0=",
            "requires": {
                "source-map": "0.5.7",
                "uglify-to-browserify": "1.0.2",
                "yargs": "3.10.0"
            },
            "dependencies": {
                "source-map": {
                    "version": "0.5.7",
                    "resolved": "https://registry.npmjs.org/source-map/-/source-map-0.5.7.tgz",
                    "integrity": "sha1-igOdLRAh0i0eoUyA2OpGi6LvP8w="
                }
            }
        },
        "uglify-to-browserify": {
            "version": "1.0.2",
            "resolved": "https://registry.npmjs.org/uglify-to-browserify/-/uglify-to-browserify-1.0.2.tgz",
            "integrity": "sha1-bgkk1r2mta/jSeOabWMoUKD4grc=",
            "optional": true
        },
        "void-elements": {
            "version": "2.0.1",
            "resolved": "https://registry.npmjs.org/void-elements/-/void-elements-2.0.1.tgz",
            "integrity": "sha1-wGavtYK7HLQSjWDqkjkulNXp2+w="
        },
        "window-size": {
            "version": "0.1.0",
            "resolved": "https://registry.npmjs.org/window-size/-/window-size-0.1.0.tgz",
            "integrity": "sha1-VDjNLqk7IC76Ohn+iIeu58lPnJ0="
        },
        "with": {
            "version": "5.1.1",
            "resolved": "https://registry.npmjs.org/with/-/with-5.1.1.tgz",
            "integrity": "sha1-+k2qktrzLE6pTtRTyB8EaGtXXf4=",
            "requires": {
                "acorn": "3.3.0",
                "acorn-globals": "3.1.0"
            }
        },
        "wordwrap": {
            "version": "0.0.2",
            "resolved": "https://registry.npmjs.org/wordwrap/-/wordwrap-0.0.2.tgz",
            "integrity": "sha1-t5Zpu0LstAn4PVg8rVLKF+qhZD8="
        },
        "ws": {
            "version": "0.4.32",
            "resolved": "https://registry.npmjs.org/ws/-/ws-0.4.32.tgz",
            "integrity": "sha1-eHphVEFPPJntg8V3IVOyD+sM7DI=",
            "requires": {
                "commander": "2.1.0",
                "nan": "1.0.0",
                "options": "0.0.6",
                "tinycolor": "0.0.1"
            },
            "dependencies": {
                "commander": {
                    "version": "2.1.0",
                    "resolved": "https://registry.npmjs.org/commander/-/commander-2.1.0.tgz",
                    "integrity": "sha1-0SG7roYNmZKj1Re6lvVliOR8Z4E="
                }
            }
        },
        "xmlhttprequest": {
            "version": "1.4.2",
            "resolved": "https://registry.npmjs.org/xmlhttprequest/-/xmlhttprequest-1.4.2.tgz",
            "integrity": "sha1-AUU6HZvtHo8XL2SVu/TIxCYyFQA="
        },
        "yargs": {
            "version": "3.10.0",
            "resolved": "https://registry.npmjs.org/yargs/-/yargs-3.10.0.tgz",
            "integrity": "sha1-9+572FfdfB0tOMDnTvvWgdFDH9E=",
            "requires": {
                "camelcase": "1.2.1",
                "cliui": "2.1.0",
                "decamelize": "1.2.0",
                "window-size": "0.1.0"
            }
        },
        "zeparser": {
            "version": "0.0.5",
            "resolved": "https://registry.npmjs.org/zeparser/-/zeparser-0.0.5.tgz",
            "integrity": "sha1-A3JlYbwmjy5URPVMZlt/1KjAKeI="
        }
    }
}
